
Microsoft Visual Studio Solution File, Format Version 12.00
# Visual Studio Version 17
VisualStudioVersion = 17.9.34616.47
MinimumVisualStudioVersion = 10.0.40219.1
Project("{9A19103F-16F7-4668-BE54-9A1E7A4F7556}") = "MVC.PL", "MVC.PL\MVC.PL.csproj", "{7AF8417A-4D91-4E81-AC54-E94D19DAE70C}"
EndProject
Project("{FAE04EC0-301F-11D3-BF4B-00C04F79EFBC}") = "MVC.DAL", "MVC.DAL\MVC.DAL.csproj", "{46296526-9CEF-45E1-A2D8-9A8F129F2BD7}"
EndProject
Project("{FAE04EC0-301F-11D3-BF4B-00C04F79EFBC}") = "MVC.BLL", "MVC.BLL\MVC.BLL.csproj", "{32D3B1AE-4C2D-435C-8DC8-E79330447841}"
EndProject
Global
	GlobalSection(SolutionConfigurationPlatforms) = preSolution
		Debug|Any CPU = Debug|Any CPU
		Release|Any CPU = Release|Any CPU
	EndGlobalSection
	GlobalSection(ProjectConfigurationPlatforms) = postSolution
		{7AF8417A-4D91-4E81-AC54-E94D19DAE70C}.Debug|Any CPU.ActiveCfg = Debug|Any CPU
		{7AF8417A-4D91-4E81-AC54-E94D19DAE70C}.Debug|Any CPU.Build.0 = Debug|Any CPU
		{7AF8417A-4D91-4E81-AC54-E94D19DAE70C}.Release|Any CPU.ActiveCfg = Release|Any CPU
		{7AF8417A-4D91-4E81-AC54-E94D19DAE70C}.Release|Any CPU.Build.0 = Release|Any CPU
		{46296526-9CEF-45E1-A2D8-9A8F129F2BD7}.Debug|Any CPU.ActiveCfg = Debug|Any CPU
		{46296526-9CEF-45E1-A2D8-9A8F129F2BD7}.Debug|Any CPU.Build.0 = Debug|Any CPU
		{46296526-9CEF-45E1-A2D8-9A8F129F2BD7}.Release|Any CPU.ActiveCfg = Release|Any CPU
		{46296526-9CEF-45E1-A2D8-9A8F129F2BD7}.Release|Any CPU.Build.0 = Release|Any CPU
		{32D3B1AE-4C2D-435C-8DC8-E79330447841}.Debug|Any CPU.ActiveCfg = Debug|Any CPU
		{32D3B1AE-4C2D-435C-8DC8-E79330447841}.Debug|Any CPU.Build.0 = Debug|Any CPU
		{32D3B1AE-4C2D-435C-8DC8-E79330447841}.Release|Any CPU.ActiveCfg = Release|Any CPU
		{32D3B1AE-4C2D-435C-8DC8-E79330447841}.Release|Any CPU.Build.0 = Release|Any CPU
	EndGlobalSection
	GlobalSection(SolutionProperties) = preSolution
		HideSolutionNode = FALSE
	EndGlobalSection
	GlobalSection(ExtensibilityGlobals) = postSolution
		SolutionGuid = {7E04E632-2F9F-4D2C-A3F7-994D98DCDDC6}
	EndGlobalSection
EndGlobal
